
Microsoft Visual Studio Solution File, Format Version 12.00
# Visual Studio Version 17
VisualStudioVersion = 17.4.33103.184
MinimumVisualStudioVersion = 10.0.40219.1
Project("{9A19103F-16F7-4668-BE54-9A1E7A4F7556}") = "OpenAIChatGPTBlazor", "OpenAIChatGPTBlazor\OpenAIChatGPTBlazor.csproj", "{CDD87C1C-1593-486C-B328-5AFCE2022FD9}"
EndProject
Project("{2150E333-8FDC-42A3-9474-1A3956D46DE8}") = "Solution Items", "Solution Items", "{82FB219F-F334-48D5-9DB2-1997A6F5408A}"
	ProjectSection(SolutionItems) = preProject
		.dockerignore = .dockerignore
		.gitignore = .gitignore
		docker-compose.yml = docker-compose.yml
		global.json = global.json
		publish.ps1 = publish.ps1
		README.md = README.md
	EndProjectSection
EndProject
Project("{9A19103F-16F7-4668-BE54-9A1E7A4F7556}") = "UiTests", "Tests\UiTests\UiTests.csproj", "{FCDD7DA8-08C2-41A1-ACA2-8A8D3AA757A5}"
EndProject
Global
	GlobalSection(SolutionConfigurationPlatforms) = preSolution
		Debug|Any CPU = Debug|Any CPU
		Release|Any CPU = Release|Any CPU
	EndGlobalSection
	GlobalSection(ProjectConfigurationPlatforms) = postSolution
		{CDD87C1C-1593-486C-B328-5AFCE2022FD9}.Debug|Any CPU.ActiveCfg = Debug|Any CPU
		{CDD87C1C-1593-486C-B328-5AFCE2022FD9}.Debug|Any CPU.Build.0 = Debug|Any CPU
		{CDD87C1C-1593-486C-B328-5AFCE2022FD9}.Release|Any CPU.ActiveCfg = Release|Any CPU
		{CDD87C1C-1593-486C-B328-5AFCE2022FD9}.Release|Any CPU.Build.0 = Release|Any CPU
		{FCDD7DA8-08C2-41A1-ACA2-8A8D3AA757A5}.Debug|Any CPU.ActiveCfg = Debug|Any CPU
		{FCDD7DA8-08C2-41A1-ACA2-8A8D3AA757A5}.Debug|Any CPU.Build.0 = Debug|Any CPU
		{FCDD7DA8-08C2-41A1-ACA2-8A8D3AA757A5}.Release|Any CPU.ActiveCfg = Release|Any CPU
		{FCDD7DA8-08C2-41A1-ACA2-8A8D3AA757A5}.Release|Any CPU.Build.0 = Release|Any CPU
	EndGlobalSection
	GlobalSection(SolutionProperties) = preSolution
		HideSolutionNode = FALSE
	EndGlobalSection
	GlobalSection(ExtensibilityGlobals) = postSolution
		SolutionGuid = {7B495721-E5B5-4B18-9BA4-39F459B88171}
	EndGlobalSection
EndGlobal
